// !$*UTF8*$!
{
	archiveVersion = 1;
	classes = {
	};
	objectVersion = 56;
	objects = {

/* Begin PBXBuildFile section */
		115E6E5A2CF706FE00A6CAC6 /* AppDelegate.swift in Sources */ = {isa = PBXBuildFile; fileRef = 115E6E592CF706FE00A6CAC6 /* AppDelegate.swift */; };
		115E6E5C2CF706FE00A6CAC6 /* SceneDelegate.swift in Sources */ = {isa = PBXBuildFile; fileRef = 115E6E5B2CF706FE00A6CAC6 /* SceneDelegate.swift */; };
		115E6E632CF706FF00A6CAC6 /* Assets.xcassets in Resources */ = {isa = PBXBuildFile; fileRef = 115E6E622CF706FF00A6CAC6 /* Assets.xcassets */; };
		115E6E662CF706FF00A6CAC6 /* Base in Resources */ = {isa = PBXBuildFile; fileRef = 115E6E652CF706FF00A6CAC6 /* Base */; };
		115E6E742CF7102A00A6CAC6 /* Movie.swift in Sources */ = {isa = PBXBuildFile; fileRef = 115E6E732CF7102A00A6CAC6 /* Movie.swift */; };
		115E6E762CF7106000A6CAC6 /* MovieDetails.swift in Sources */ = {isa = PBXBuildFile; fileRef = 115E6E752CF7106000A6CAC6 /* MovieDetails.swift */; };
		115E6E782CF7108D00A6CAC6 /* APIClient.swift in Sources */ = {isa = PBXBuildFile; fileRef = 115E6E772CF7108D00A6CAC6 /* APIClient.swift */; };
		115E6E7A2CF710D400A6CAC6 /* MovieService.swift in Sources */ = {isa = PBXBuildFile; fileRef = 115E6E792CF710D400A6CAC6 /* MovieService.swift */; };
		115E6E7C2CF7112100A6CAC6 /* MovieListViewModel.swift in Sources */ = {isa = PBXBuildFile; fileRef = 115E6E7B2CF7112100A6CAC6 /* MovieListViewModel.swift */; };
		115E6E7E2CF7118D00A6CAC6 /* MovieListViewController.swift in Sources */ = {isa = PBXBuildFile; fileRef = 115E6E7D2CF7118D00A6CAC6 /* MovieListViewController.swift */; };
		115E6E802CF711DC00A6CAC6 /* AppCoordinator.swift in Sources */ = {isa = PBXBuildFile; fileRef = 115E6E7F2CF711DC00A6CAC6 /* AppCoordinator.swift */; };
		11F069DB2CF737A400E51A3C /* Alamofire in Frameworks */ = {isa = PBXBuildFile; productRef = 11F069DA2CF737A400E51A3C /* Alamofire */; };
		11F069DD2CF7391200E51A3C /* MovieTableViewCell.swift in Sources */ = {isa = PBXBuildFile; fileRef = 11F069DC2CF7391200E51A3C /* MovieTableViewCell.swift */; };
		11F069DF2CF78EF600E51A3C /* Genre.swift in Sources */ = {isa = PBXBuildFile; fileRef = 11F069DE2CF78EF600E51A3C /* Genre.swift */; };
		11F069E92CF7A0B100E51A3C /* EmptyStateView.swift in Sources */ = {isa = PBXBuildFile; fileRef = 11F069E82CF7A0B100E51A3C /* EmptyStateView.swift */; };
		11F069EC2CF7A2CC00E51A3C /* MovieListTableView.swift in Sources */ = {isa = PBXBuildFile; fileRef = 11F069EB2CF7A2CC00E51A3C /* MovieListTableView.swift */; };
		11F069EF2CF7A58000E51A3C /* SearchBar.swift in Sources */ = {isa = PBXBuildFile; fileRef = 11F069EE2CF7A58000E51A3C /* SearchBar.swift */; };
		11F069F12CF7A83F00E51A3C /* OverlayView.swift in Sources */ = {isa = PBXBuildFile; fileRef = 11F069F02CF7A83F00E51A3C /* OverlayView.swift */; };
		11F069F32CF7A90600E51A3C /* CommonLabel.swift in Sources */ = {isa = PBXBuildFile; fileRef = 11F069F22CF7A90600E51A3C /* CommonLabel.swift */; };
		11F069F82CF7AA7500E51A3C /* BackdropImageView.swift in Sources */ = {isa = PBXBuildFile; fileRef = 11F069F72CF7AA7500E51A3C /* BackdropImageView.swift */; };
		11F069FB2CF7B39700E51A3C /* MovieDetailViewController.swift in Sources */ = {isa = PBXBuildFile; fileRef = 11F069FA2CF7B39700E51A3C /* MovieDetailViewController.swift */; };
		11F069FD2CF8531A00E51A3C /* MovieDetailViewModel.swift in Sources */ = {isa = PBXBuildFile; fileRef = 11F069FC2CF8531A00E51A3C /* MovieDetailViewModel.swift */; };
		11F06A002CF85F1700E51A3C /* AppAppearance.swift in Sources */ = {isa = PBXBuildFile; fileRef = 11F069FF2CF85F1700E51A3C /* AppAppearance.swift */; };
		11F06A022CF868AB00E51A3C /* MovieDetailLabel.swift in Sources */ = {isa = PBXBuildFile; fileRef = 11F06A012CF868AB00E51A3C /* MovieDetailLabel.swift */; };
/* End PBXBuildFile section */

/* Begin PBXFileReference section */
		115E6E562CF706FE00A6CAC6 /* Movies.app */ = {isa = PBXFileReference; explicitFileType = wrapper.application; includeInIndex = 0; path = Movies.app; sourceTree = BUILT_PRODUCTS_DIR; };
		115E6E592CF706FE00A6CAC6 /* AppDelegate.swift */ = {isa = PBXFileReference; lastKnownFileType = sourcecode.swift; path = AppDelegate.swift; sourceTree = "<group>"; };
		115E6E5B2CF706FE00A6CAC6 /* SceneDelegate.swift */ = {isa = PBXFileReference; lastKnownFileType = sourcecode.swift; path = SceneDelegate.swift; sourceTree = "<group>"; };
		115E6E622CF706FF00A6CAC6 /* Assets.xcassets */ = {isa = PBXFileReference; lastKnownFileType = folder.assetcatalog; path = Assets.xcassets; sourceTree = "<group>"; };
		115E6E652CF706FF00A6CAC6 /* Base */ = {isa = PBXFileReference; lastKnownFileType = file.storyboard; name = Base; path = Base.lproj/LaunchScreen.storyboard; sourceTree = "<group>"; };
		115E6E672CF706FF00A6CAC6 /* Info.plist */ = {isa = PBXFileReference; lastKnownFileType = text.plist.xml; path = Info.plist; sourceTree = "<group>"; };
		115E6E732CF7102A00A6CAC6 /* Movie.swift */ = {isa = PBXFileReference; lastKnownFileType = sourcecode.swift; path = Movie.swift; sourceTree = "<group>"; };
		115E6E752CF7106000A6CAC6 /* MovieDetails.swift */ = {isa = PBXFileReference; lastKnownFileType = sourcecode.swift; path = MovieDetails.swift; sourceTree = "<group>"; };
		115E6E772CF7108D00A6CAC6 /* APIClient.swift */ = {isa = PBXFileReference; lastKnownFileType = sourcecode.swift; path = APIClient.swift; sourceTree = "<group>"; };
		115E6E792CF710D400A6CAC6 /* MovieService.swift */ = {isa = PBXFileReference; lastKnownFileType = sourcecode.swift; path = MovieService.swift; sourceTree = "<group>"; };
		115E6E7B2CF7112100A6CAC6 /* MovieListViewModel.swift */ = {isa = PBXFileReference; lastKnownFileType = sourcecode.swift; path = MovieListViewModel.swift; sourceTree = "<group>"; };
		115E6E7D2CF7118D00A6CAC6 /* MovieListViewController.swift */ = {isa = PBXFileReference; lastKnownFileType = sourcecode.swift; path = MovieListViewController.swift; sourceTree = "<group>"; };
		115E6E7F2CF711DC00A6CAC6 /* AppCoordinator.swift */ = {isa = PBXFileReference; lastKnownFileType = sourcecode.swift; path = AppCoordinator.swift; sourceTree = "<group>"; };
		11F069DC2CF7391200E51A3C /* MovieTableViewCell.swift */ = {isa = PBXFileReference; lastKnownFileType = sourcecode.swift; path = MovieTableViewCell.swift; sourceTree = "<group>"; };
		11F069DE2CF78EF600E51A3C /* Genre.swift */ = {isa = PBXFileReference; lastKnownFileType = sourcecode.swift; path = Genre.swift; sourceTree = "<group>"; };
		11F069E82CF7A0B100E51A3C /* EmptyStateView.swift */ = {isa = PBXFileReference; lastKnownFileType = sourcecode.swift; path = EmptyStateView.swift; sourceTree = "<group>"; };
		11F069EB2CF7A2CC00E51A3C /* MovieListTableView.swift */ = {isa = PBXFileReference; lastKnownFileType = sourcecode.swift; path = MovieListTableView.swift; sourceTree = "<group>"; };
		11F069EE2CF7A58000E51A3C /* SearchBar.swift */ = {isa = PBXFileReference; lastKnownFileType = sourcecode.swift; path = SearchBar.swift; sourceTree = "<group>"; };
		11F069F02CF7A83F00E51A3C /* OverlayView.swift */ = {isa = PBXFileReference; lastKnownFileType = sourcecode.swift; path = OverlayView.swift; sourceTree = "<group>"; };
		11F069F22CF7A90600E51A3C /* CommonLabel.swift */ = {isa = PBXFileReference; lastKnownFileType = sourcecode.swift; path = CommonLabel.swift; sourceTree = "<group>"; };
		11F069F72CF7AA7500E51A3C /* BackdropImageView.swift */ = {isa = PBXFileReference; lastKnownFileType = sourcecode.swift; path = BackdropImageView.swift; sourceTree = "<group>"; };
		11F069FA2CF7B39700E51A3C /* MovieDetailViewController.swift */ = {isa = PBXFileReference; lastKnownFileType = sourcecode.swift; path = MovieDetailViewController.swift; sourceTree = "<group>"; };
		11F069FC2CF8531A00E51A3C /* MovieDetailViewModel.swift */ = {isa = PBXFileReference; lastKnownFileType = sourcecode.swift; path = MovieDetailViewModel.swift; sourceTree = "<group>"; };
		11F069FF2CF85F1700E51A3C /* AppAppearance.swift */ = {isa = PBXFileReference; lastKnownFileType = sourcecode.swift; path = AppAppearance.swift; sourceTree = "<group>"; };
		11F06A012CF868AB00E51A3C /* MovieDetailLabel.swift */ = {isa = PBXFileReference; lastKnownFileType = sourcecode.swift; path = MovieDetailLabel.swift; sourceTree = "<group>"; };
/* End PBXFileReference section */

/* Begin PBXFrameworksBuildPhase section */
		115E6E532CF706FE00A6CAC6 /* Frameworks */ = {
			isa = PBXFrameworksBuildPhase;
			buildActionMask = 2147483647;
			files = (
				11F069DB2CF737A400E51A3C /* Alamofire in Frameworks */,
			);
			runOnlyForDeploymentPostprocessing = 0;
		};
/* End PBXFrameworksBuildPhase section */

/* Begin PBXGroup section */
		115E6E4D2CF706FE00A6CAC6 = {
			isa = PBXGroup;
			children = (
				115E6E582CF706FE00A6CAC6 /* Movies */,
				115E6E572CF706FE00A6CAC6 /* Products */,
			);
			sourceTree = "<group>";
		};
		115E6E572CF706FE00A6CAC6 /* Products */ = {
			isa = PBXGroup;
			children = (
				115E6E562CF706FE00A6CAC6 /* Movies.app */,
			);
			name = Products;
			sourceTree = "<group>";
		};
		115E6E582CF706FE00A6CAC6 /* Movies */ = {
			isa = PBXGroup;
			children = (
				115E6E592CF706FE00A6CAC6 /* AppDelegate.swift */,
				115E6E5B2CF706FE00A6CAC6 /* SceneDelegate.swift */,
				115E6E6D2CF70F6C00A6CAC6 /* Models */,
				115E6E702CF70FA300A6CAC6 /* Views */,
				115E6E6F2CF70F9200A6CAC6 /* ViewModels */,
				115E6E6E2CF70F8000A6CAC6 /* Services */,
				115E6E712CF70FBA00A6CAC6 /* Coordinators */,
				115E6E722CF70FCD00A6CAC6 /* Utilities */,
				11F069FE2CF85EFD00E51A3C /* Configuration */,
				115E6E622CF706FF00A6CAC6 /* Assets.xcassets */,
				115E6E642CF706FF00A6CAC6 /* LaunchScreen.storyboard */,
				115E6E672CF706FF00A6CAC6 /* Info.plist */,
			);
			path = Movies;
			sourceTree = "<group>";
		};
		115E6E6D2CF70F6C00A6CAC6 /* Models */ = {
			isa = PBXGroup;
			children = (
				11F069E32CF79FB900E51A3C /* APIModels */,
			);
			path = Models;
			sourceTree = "<group>";
		};
		115E6E6E2CF70F8000A6CAC6 /* Services */ = {
			isa = PBXGroup;
			children = (
				11F069E02CF79F5600E51A3C /* API */,
			);
			path = Services;
			sourceTree = "<group>";
		};
		115E6E6F2CF70F9200A6CAC6 /* ViewModels */ = {
			isa = PBXGroup;
			children = (
				115E6E7B2CF7112100A6CAC6 /* MovieListViewModel.swift */,
				11F069FC2CF8531A00E51A3C /* MovieDetailViewModel.swift */,
			);
			path = ViewModels;
			sourceTree = "<group>";
		};
		115E6E702CF70FA300A6CAC6 /* Views */ = {
			isa = PBXGroup;
			children = (
				11F069E12CF79F7000E51A3C /* MovieList */,
				11F069F92CF7B38400E51A3C /* MovieDetail */,
				11F069E22CF79F9400E51A3C /* SharedComponents */,
			);
			path = Views;
			sourceTree = "<group>";
		};
		115E6E712CF70FBA00A6CAC6 /* Coordinators */ = {
			isa = PBXGroup;
			children = (
				115E6E7F2CF711DC00A6CAC6 /* AppCoordinator.swift */,
			);
			path = Coordinators;
			sourceTree = "<group>";
		};
		115E6E722CF70FCD00A6CAC6 /* Utilities */ = {
			isa = PBXGroup;
			children = (
				11F069E42CF79FD700E51A3C /* Extensions */,
				11F069E52CF79FE300E51A3C /* Helpers */,
			);
			path = Utilities;
			sourceTree = "<group>";
		};
		11F069E02CF79F5600E51A3C /* API */ = {
			isa = PBXGroup;
			children = (
				115E6E772CF7108D00A6CAC6 /* APIClient.swift */,
				115E6E792CF710D400A6CAC6 /* MovieService.swift */,
			);
			path = API;
			sourceTree = "<group>";
		};
		11F069E12CF79F7000E51A3C /* MovieList */ = {
			isa = PBXGroup;
			children = (
				115E6E7D2CF7118D00A6CAC6 /* MovieListViewController.swift */,
				11F069DC2CF7391200E51A3C /* MovieTableViewCell.swift */,
			);
			path = MovieList;
			sourceTree = "<group>";
		};
		11F069E22CF79F9400E51A3C /* SharedComponents */ = {
			isa = PBXGroup;
			children = (
				11F069E72CF7A07700E51A3C /* Views */,
				11F069F62CF7AA6000E51A3C /* ImgeViews */,
				11F069EA2CF7A28E00E51A3C /* TableViews */,
				11F069ED2CF7A57900E51A3C /* SearchBars */,
				11F069E62CF7A06D00E51A3C /* Labels */,
			);
			path = SharedComponents;
			sourceTree = "<group>";
		};
		11F069E32CF79FB900E51A3C /* APIModels */ = {
			isa = PBXGroup;
			children = (
				115E6E732CF7102A00A6CAC6 /* Movie.swift */,
				115E6E752CF7106000A6CAC6 /* MovieDetails.swift */,
				11F069DE2CF78EF600E51A3C /* Genre.swift */,
			);
			path = APIModels;
			sourceTree = "<group>";
		};
		11F069E42CF79FD700E51A3C /* Extensions */ = {
			isa = PBXGroup;
			children = (
			);
			path = Extensions;
			sourceTree = "<group>";
		};
		11F069E52CF79FE300E51A3C /* Helpers */ = {
			isa = PBXGroup;
			children = (
			);
			path = Helpers;
			sourceTree = "<group>";
		};
		11F069E62CF7A06D00E51A3C /* Labels */ = {
			isa = PBXGroup;
			children = (
				11F069F22CF7A90600E51A3C /* CommonLabel.swift */,
				11F06A012CF868AB00E51A3C /* MovieDetailLabel.swift */,
			);
			path = Labels;
			sourceTree = "<group>";
		};
		11F069E72CF7A07700E51A3C /* Views */ = {
			isa = PBXGroup;
			children = (
				11F069E82CF7A0B100E51A3C /* EmptyStateView.swift */,
				11F069F02CF7A83F00E51A3C /* OverlayView.swift */,
			);
			path = Views;
			sourceTree = "<group>";
		};
		11F069EA2CF7A28E00E51A3C /* TableViews */ = {
			isa = PBXGroup;
			children = (
				11F069EB2CF7A2CC00E51A3C /* MovieListTableView.swift */,
			);
			path = TableViews;
			sourceTree = "<group>";
		};
		11F069ED2CF7A57900E51A3C /* SearchBars */ = {
			isa = PBXGroup;
			children = (
				11F069EE2CF7A58000E51A3C /* SearchBar.swift */,
			);
			path = SearchBars;
			sourceTree = "<group>";
		};
		11F069F62CF7AA6000E51A3C /* ImgeViews */ = {
			isa = PBXGroup;
			children = (
				11F069F72CF7AA7500E51A3C /* BackdropImageView.swift */,
			);
			path = ImgeViews;
			sourceTree = "<group>";
		};
		11F069F92CF7B38400E51A3C /* MovieDetail */ = {
			isa = PBXGroup;
			children = (
				11F069FA2CF7B39700E51A3C /* MovieDetailViewController.swift */,
			);
			path = MovieDetail;
			sourceTree = "<group>";
		};
		11F069FE2CF85EFD00E51A3C /* Configuration */ = {
			isa = PBXGroup;
			children = (
				11F069FF2CF85F1700E51A3C /* AppAppearance.swift */,
			);
			name = Configuration;
			sourceTree = "<group>";
		};
/* End PBXGroup section */

/* Begin PBXNativeTarget section */
		115E6E552CF706FE00A6CAC6 /* Movies */ = {
			isa = PBXNativeTarget;
			buildConfigurationList = 115E6E6A2CF706FF00A6CAC6 /* Build configuration list for PBXNativeTarget "Movies" */;
			buildPhases = (
				115E6E522CF706FE00A6CAC6 /* Sources */,
				115E6E532CF706FE00A6CAC6 /* Frameworks */,
				115E6E542CF706FE00A6CAC6 /* Resources */,
			);
			buildRules = (
			);
			dependencies = (
			);
			name = Movies;
			packageProductDependencies = (
				11F069DA2CF737A400E51A3C /* Alamofire */,
			);
			productName = Movies;
			productReference = 115E6E562CF706FE00A6CAC6 /* Movies.app */;
			productType = "com.apple.product-type.application";
		};
/* End PBXNativeTarget section */

/* Begin PBXProject section */
		115E6E4E2CF706FE00A6CAC6 /* Project object */ = {
			isa = PBXProject;
			attributes = {
				BuildIndependentTargetsInParallel = 1;
				LastSwiftUpdateCheck = 1540;
				LastUpgradeCheck = 1540;
				TargetAttributes = {
					115E6E552CF706FE00A6CAC6 = {
						CreatedOnToolsVersion = 15.4;
					};
				};
			};
			buildConfigurationList = 115E6E512CF706FE00A6CAC6 /* Build configuration list for PBXProject "Movies" */;
			compatibilityVersion = "Xcode 14.0";
			developmentRegion = en;
			hasScannedForEncodings = 0;
			knownRegions = (
				en,
				Base,
			);
			mainGroup = 115E6E4D2CF706FE00A6CAC6;
			packageReferences = (
				11F069D92CF737A400E51A3C /* XCRemoteSwiftPackageReference "Alamofire" */,
			);
			productRefGroup = 115E6E572CF706FE00A6CAC6 /* Products */;
			projectDirPath = "";
			projectRoot = "";
			targets = (
				115E6E552CF706FE00A6CAC6 /* Movies */,
			);
		};
/* End PBXProject section */

/* Begin PBXResourcesBuildPhase section */
		115E6E542CF706FE00A6CAC6 /* Resources */ = {
			isa = PBXResourcesBuildPhase;
			buildActionMask = 2147483647;
			files = (
				115E6E632CF706FF00A6CAC6 /* Assets.xcassets in Resources */,
				115E6E662CF706FF00A6CAC6 /* Base in Resources */,
			);
			runOnlyForDeploymentPostprocessing = 0;
		};
/* End PBXResourcesBuildPhase section */

/* Begin PBXSourcesBuildPhase section */
		115E6E522CF706FE00A6CAC6 /* Sources */ = {
			isa = PBXSourcesBuildPhase;
			buildActionMask = 2147483647;
			files = (
				115E6E5A2CF706FE00A6CAC6 /* AppDelegate.swift in Sources */,
				11F069FD2CF8531A00E51A3C /* MovieDetailViewModel.swift in Sources */,
				115E6E802CF711DC00A6CAC6 /* AppCoordinator.swift in Sources */,
				11F069EC2CF7A2CC00E51A3C /* MovieListTableView.swift in Sources */,
				115E6E742CF7102A00A6CAC6 /* Movie.swift in Sources */,
				11F069DF2CF78EF600E51A3C /* Genre.swift in Sources */,
				11F069F32CF7A90600E51A3C /* CommonLabel.swift in Sources */,
				11F069E92CF7A0B100E51A3C /* EmptyStateView.swift in Sources */,
				115E6E7C2CF7112100A6CAC6 /* MovieListViewModel.swift in Sources */,
				11F06A022CF868AB00E51A3C /* MovieDetailLabel.swift in Sources */,
				11F069F82CF7AA7500E51A3C /* BackdropImageView.swift in Sources */,
				11F069EF2CF7A58000E51A3C /* SearchBar.swift in Sources */,
				115E6E762CF7106000A6CAC6 /* MovieDetails.swift in Sources */,
				11F069F12CF7A83F00E51A3C /* OverlayView.swift in Sources */,
				115E6E5C2CF706FE00A6CAC6 /* SceneDelegate.swift in Sources */,
				115E6E7E2CF7118D00A6CAC6 /* MovieListViewController.swift in Sources */,
				115E6E782CF7108D00A6CAC6 /* APIClient.swift in Sources */,
				11F069DD2CF7391200E51A3C /* MovieTableViewCell.swift in Sources */,
				11F069FB2CF7B39700E51A3C /* MovieDetailViewController.swift in Sources */,
				115E6E7A2CF710D400A6CAC6 /* MovieService.swift in Sources */,
				11F06A002CF85F1700E51A3C /* AppAppearance.swift in Sources */,
			);
			runOnlyForDeploymentPostprocessing = 0;
		};
/* End PBXSourcesBuildPhase section */

/* Begin PBXVariantGroup section */
		115E6E642CF706FF00A6CAC6 /* LaunchScreen.storyboard */ = {
			isa = PBXVariantGroup;
			children = (
				115E6E652CF706FF00A6CAC6 /* Base */,
			);
			name = LaunchScreen.storyboard;
			sourceTree = "<group>";
		};
/* End PBXVariantGroup section */

/* Begin XCBuildConfiguration section */
		115E6E682CF706FF00A6CAC6 /* Debug */ = {
			isa = XCBuildConfiguration;
			buildSettings = {
				ALWAYS_SEARCH_USER_PATHS = NO;
				ASSETCATALOG_COMPILER_GENERATE_SWIFT_ASSET_SYMBOL_EXTENSIONS = YES;
				CLANG_ANALYZER_NONNULL = YES;
				CLANG_ANALYZER_NUMBER_OBJECT_CONVERSION = YES_AGGRESSIVE;
				CLANG_CXX_LANGUAGE_STANDARD = "gnu++20";
				CLANG_ENABLE_MODULES = YES;
				CLANG_ENABLE_OBJC_ARC = YES;
				CLANG_ENABLE_OBJC_WEAK = YES;
				CLANG_WARN_BLOCK_CAPTURE_AUTORELEASING = YES;
				CLANG_WARN_BOOL_CONVERSION = YES;
				CLANG_WARN_COMMA = YES;
				CLANG_WARN_CONSTANT_CONVERSION = YES;
				CLANG_WARN_DEPRECATED_OBJC_IMPLEMENTATIONS = YES;
				CLANG_WARN_DIRECT_OBJC_ISA_USAGE = YES_ERROR;
				CLANG_WARN_DOCUMENTATION_COMMENTS = YES;
				CLANG_WARN_EMPTY_BODY = YES;
				CLANG_WARN_ENUM_CONVERSION = YES;
				CLANG_WARN_INFINITE_RECURSION = YES;
				CLANG_WARN_INT_CONVERSION = YES;
				CLANG_WARN_NON_LITERAL_NULL_CONVERSION = YES;
				CLANG_WARN_OBJC_IMPLICIT_RETAIN_SELF = YES;
				CLANG_WARN_OBJC_LITERAL_CONVERSION = YES;
				CLANG_WARN_OBJC_ROOT_CLASS = YES_ERROR;
				CLANG_WARN_QUOTED_INCLUDE_IN_FRAMEWORK_HEADER = YES;
				CLANG_WARN_RANGE_LOOP_ANALYSIS = YES;
				CLANG_WARN_STRICT_PROTOTYPES = YES;
				CLANG_WARN_SUSPICIOUS_MOVE = YES;
				CLANG_WARN_UNGUARDED_AVAILABILITY = YES_AGGRESSIVE;
				CLANG_WARN_UNREACHABLE_CODE = YES;
				CLANG_WARN__DUPLICATE_METHOD_MATCH = YES;
				COPY_PHASE_STRIP = NO;
				DEBUG_INFORMATION_FORMAT = dwarf;
				ENABLE_STRICT_OBJC_MSGSEND = YES;
				ENABLE_TESTABILITY = YES;
				ENABLE_USER_SCRIPT_SANDBOXING = YES;
				GCC_C_LANGUAGE_STANDARD = gnu17;
				GCC_DYNAMIC_NO_PIC = NO;
				GCC_NO_COMMON_BLOCKS = YES;
				GCC_OPTIMIZATION_LEVEL = 0;
				GCC_PREPROCESSOR_DEFINITIONS = (
					"DEBUG=1",
					"$(inherited)",
				);
				GCC_WARN_64_TO_32_BIT_CONVERSION = YES;
				GCC_WARN_ABOUT_RETURN_TYPE = YES_ERROR;
				GCC_WARN_UNDECLARED_SELECTOR = YES;
				GCC_WARN_UNINITIALIZED_AUTOS = YES_AGGRESSIVE;
				GCC_WARN_UNUSED_FUNCTION = YES;
				GCC_WARN_UNUSED_VARIABLE = YES;
				IPHONEOS_DEPLOYMENT_TARGET = 17.5;
				LOCALIZATION_PREFERS_STRING_CATALOGS = YES;
				MTL_ENABLE_DEBUG_INFO = INCLUDE_SOURCE;
				MTL_FAST_MATH = YES;
				ONLY_ACTIVE_ARCH = YES;
				SDKROOT = iphoneos;
				SWIFT_ACTIVE_COMPILATION_CONDITIONS = "DEBUG $(inherited)";
				SWIFT_OPTIMIZATION_LEVEL = "-Onone";
			};
			name = Debug;
		};
		115E6E692CF706FF00A6CAC6 /* Release */ = {
			isa = XCBuildConfiguration;
			buildSettings = {
				ALWAYS_SEARCH_USER_PATHS = NO;
				ASSETCATALOG_COMPILER_GENERATE_SWIFT_ASSET_SYMBOL_EXTENSIONS = YES;
				CLANG_ANALYZER_NONNULL = YES;
				CLANG_ANALYZER_NUMBER_OBJECT_CONVERSION = YES_AGGRESSIVE;
				CLANG_CXX_LANGUAGE_STANDARD = "gnu++20";
				CLANG_ENABLE_MODULES = YES;
				CLANG_ENABLE_OBJC_ARC = YES;
				CLANG_ENABLE_OBJC_WEAK = YES;
				CLANG_WARN_BLOCK_CAPTURE_AUTORELEASING = YES;
				CLANG_WARN_BOOL_CONVERSION = YES;
				CLANG_WARN_COMMA = YES;
				CLANG_WARN_CONSTANT_CONVERSION = YES;
				CLANG_WARN_DEPRECATED_OBJC_IMPLEMENTATIONS = YES;
				CLANG_WARN_DIRECT_OBJC_ISA_USAGE = YES_ERROR;
				CLANG_WARN_DOCUMENTATION_COMMENTS = YES;
				CLANG_WARN_EMPTY_BODY = YES;
				CLANG_WARN_ENUM_CONVERSION = YES;
				CLANG_WARN_INFINITE_RECURSION = YES;
				CLANG_WARN_INT_CONVERSION = YES;
				CLANG_WARN_NON_LITERAL_NULL_CONVERSION = YES;
				CLANG_WARN_OBJC_IMPLICIT_RETAIN_SELF = YES;
				CLANG_WARN_OBJC_LITERAL_CONVERSION = YES;
				CLANG_WARN_OBJC_ROOT_CLASS = YES_ERROR;
				CLANG_WARN_QUOTED_INCLUDE_IN_FRAMEWORK_HEADER = YES;
				CLANG_WARN_RANGE_LOOP_ANALYSIS = YES;
				CLANG_WARN_STRICT_PROTOTYPES = YES;
				CLANG_WARN_SUSPICIOUS_MOVE = YES;
				CLANG_WARN_UNGUARDED_AVAILABILITY = YES_AGGRESSIVE;
				CLANG_WARN_UNREACHABLE_CODE = YES;
				CLANG_WARN__DUPLICATE_METHOD_MATCH = YES;
				COPY_PHASE_STRIP = NO;
				DEBUG_INFORMATION_FORMAT = "dwarf-with-dsym";
				ENABLE_NS_ASSERTIONS = NO;
				ENABLE_STRICT_OBJC_MSGSEND = YES;
				ENABLE_USER_SCRIPT_SANDBOXING = YES;
				GCC_C_LANGUAGE_STANDARD = gnu17;
				GCC_NO_COMMON_BLOCKS = YES;
				GCC_WARN_64_TO_32_BIT_CONVERSION = YES;
				GCC_WARN_ABOUT_RETURN_TYPE = YES_ERROR;
				GCC_WARN_UNDECLARED_SELECTOR = YES;
				GCC_WARN_UNINITIALIZED_AUTOS = YES_AGGRESSIVE;
				GCC_WARN_UNUSED_FUNCTION = YES;
				GCC_WARN_UNUSED_VARIABLE = YES;
				IPHONEOS_DEPLOYMENT_TARGET = 17.5;
				LOCALIZATION_PREFERS_STRING_CATALOGS = YES;
				MTL_ENABLE_DEBUG_INFO = NO;
				MTL_FAST_MATH = YES;
				SDKROOT = iphoneos;
				SWIFT_COMPILATION_MODE = wholemodule;
				VALIDATE_PRODUCT = YES;
			};
			name = Release;
		};
		115E6E6B2CF706FF00A6CAC6 /* Debug */ = {
			isa = XCBuildConfiguration;
			buildSettings = {
				ASSETCATALOG_COMPILER_APPICON_NAME = AppIcon;
				ASSETCATALOG_COMPILER_GLOBAL_ACCENT_COLOR_NAME = AccentColor;
				CODE_SIGN_STYLE = Automatic;
				CURRENT_PROJECT_VERSION = 1;
				DEVELOPMENT_TEAM = 6KKCSVG8J3;
				GENERATE_INFOPLIST_FILE = YES;
				INFOPLIST_FILE = Movies/Info.plist;
				INFOPLIST_KEY_UIApplicationSupportsIndirectInputEvents = YES;
				INFOPLIST_KEY_UILaunchStoryboardName = LaunchScreen;
				INFOPLIST_KEY_UISupportedInterfaceOrientations_iPad = "UIInterfaceOrientationPortrait UIInterfaceOrientationPortraitUpsideDown UIInterfaceOrientationLandscapeLeft UIInterfaceOrientationLandscapeRight";
				INFOPLIST_KEY_UISupportedInterfaceOrientations_iPhone = "UIInterfaceOrientationPortrait UIInterfaceOrientationLandscapeLeft UIInterfaceOrientationLandscapeRight";
				IPHONEOS_DEPLOYMENT_TARGET = 15.0;
				LD_RUNPATH_SEARCH_PATHS = (
					"$(inherited)",
					"@executable_path/Frameworks",
				);
				MARKETING_VERSION = 1.0;
				PRODUCT_BUNDLE_IDENTIFIER = com.gin.dev.Movies;
				PRODUCT_NAME = "$(TARGET_NAME)";
				SWIFT_EMIT_LOC_STRINGS = YES;
				SWIFT_VERSION = 5.0;
				TARGETED_DEVICE_FAMILY = "1,2";
			};
			name = Debug;
		};
		115E6E6C2CF706FF00A6CAC6 /* Release */ = {
			isa = XCBuildConfiguration;
			buildSettings = {
				ASSETCATALOG_COMPILER_APPICON_NAME = AppIcon;
				ASSETCATALOG_COMPILER_GLOBAL_ACCENT_COLOR_NAME = AccentColor;
				CODE_SIGN_STYLE = Automatic;
				CURRENT_PROJECT_VERSION = 1;
				DEVELOPMENT_TEAM = 6KKCSVG8J3;
				GENERATE_INFOPLIST_FILE = YES;
				INFOPLIST_FILE = Movies/Info.plist;
				INFOPLIST_KEY_UIApplicationSupportsIndirectInputEvents = YES;
				INFOPLIST_KEY_UILaunchStoryboardName = LaunchScreen;
				INFOPLIST_KEY_UISupportedInterfaceOrientations_iPad = "UIInterfaceOrientationPortrait UIInterfaceOrientationPortraitUpsideDown UIInterfaceOrientationLandscapeLeft UIInterfaceOrientationLandscapeRight";
				INFOPLIST_KEY_UISupportedInterfaceOrientations_iPhone = "UIInterfaceOrientationPortrait UIInterfaceOrientationLandscapeLeft UIInterfaceOrientationLandscapeRight";
				IPHONEOS_DEPLOYMENT_TARGET = 15.0;
				LD_RUNPATH_SEARCH_PATHS = (
					"$(inherited)",
					"@executable_path/Frameworks",
				);
				MARKETING_VERSION = 1.0;
				PRODUCT_BUNDLE_IDENTIFIER = com.gin.dev.Movies;
				PRODUCT_NAME = "$(TARGET_NAME)";
				SWIFT_EMIT_LOC_STRINGS = YES;
				SWIFT_VERSION = 5.0;
				TARGETED_DEVICE_FAMILY = "1,2";
			};
			name = Release;
		};
/* End XCBuildConfiguration section */

/* Begin XCConfigurationList section */
		115E6E512CF706FE00A6CAC6 /* Build configuration list for PBXProject "Movies" */ = {
			isa = XCConfigurationList;
			buildConfigurations = (
				115E6E682CF706FF00A6CAC6 /* Debug */,
				115E6E692CF706FF00A6CAC6 /* Release */,
			);
			defaultConfigurationIsVisible = 0;
			defaultConfigurationName = Release;
		};
		115E6E6A2CF706FF00A6CAC6 /* Build configuration list for PBXNativeTarget "Movies" */ = {
			isa = XCConfigurationList;
			buildConfigurations = (
				115E6E6B2CF706FF00A6CAC6 /* Debug */,
				115E6E6C2CF706FF00A6CAC6 /* Release */,
			);
			defaultConfigurationIsVisible = 0;
			defaultConfigurationName = Release;
		};
/* End XCConfigurationList section */

/* Begin XCRemoteSwiftPackageReference section */
		11F069D92CF737A400E51A3C /* XCRemoteSwiftPackageReference "Alamofire" */ = {
			isa = XCRemoteSwiftPackageReference;
			repositoryURL = "https://github.com/Alamofire/Alamofire.git";
			requirement = {
				kind = upToNextMajorVersion;
				minimumVersion = 5.10.2;
			};
		};
/* End XCRemoteSwiftPackageReference section */

/* Begin XCSwiftPackageProductDependency section */
		11F069DA2CF737A400E51A3C /* Alamofire */ = {
			isa = XCSwiftPackageProductDependency;
			package = 11F069D92CF737A400E51A3C /* XCRemoteSwiftPackageReference "Alamofire" */;
			productName = Alamofire;
		};
/* End XCSwiftPackageProductDependency section */
	};
	rootObject = 115E6E4E2CF706FE00A6CAC6 /* Project object */;
}
